
Microsoft Visual Studio Solution File, Format Version 12.00
# Visual Studio Version 16
VisualStudioVersion = 16.0.30717.126
MinimumVisualStudioVersion = 10.0.40219.1
Project("{9A19103F-16F7-4668-BE54-9A1E7A4F7556}") = "Letti.Model", "Letti.Model\Letti.Model.csproj", "{D2EDAF14-D0AC-407E-AB14-6C5EAF8E0C8F}"
EndProject
Project("{9A19103F-16F7-4668-BE54-9A1E7A4F7556}") = "Letti.Data", "Letti.Data\Letti.Data.csproj", "{8546E528-3D81-48DE-86E9-8C9F8217E1A5}"
EndProject
Project("{9A19103F-16F7-4668-BE54-9A1E7A4F7556}") = "Letti.Repositories", "Letti.Repositories\Letti.Repositories.csproj", "{6C3E5A07-55BC-4C70-BAEB-4537E26D030C}"
EndProject
Project("{9A19103F-16F7-4668-BE54-9A1E7A4F7556}") = "Letti.DataService", "Letti.DataService\Letti.DataService.csproj", "{C4AED122-97AB-42B4-A897-7CCC12D5AF57}"
EndProject
Project("{2150E333-8FDC-42A3-9474-1A3956D46DE8}") = "Web", "Web", "{BE62B266-1970-491B-94DE-4DC8F238CE07}"
EndProject
Project("{9A19103F-16F7-4668-BE54-9A1E7A4F7556}") = "Letti.Web", "Letti.Web\Letti.Web.csproj", "{857E8AA3-29C6-45EF-87DA-91423F9688C8}"
EndProject
Project("{9A19103F-16F7-4668-BE54-9A1E7A4F7556}") = "Letti.ServiceProxies", "Letti.ServiceProxies\Letti.ServiceProxies.csproj", "{BEEEF85B-C3D3-4953-AE60-7F13DAA1B5A9}"
EndProject
Project("{2150E333-8FDC-42A3-9474-1A3956D46DE8}") = "Data", "Data", "{B0292FC8-D6E0-468A-A763-62282DB2008C}"
EndProject
Project("{2150E333-8FDC-42A3-9474-1A3956D46DE8}") = "Core", "Core", "{2D234580-31CB-4173-AEB5-2735F130A59D}"
EndProject
Project("{9A19103F-16F7-4668-BE54-9A1E7A4F7556}") = "Letti.Services", "Letti.Services\Letti.Services.csproj", "{4C168904-60EE-48C5-BB7D-65BAD15917AF}"
EndProject
Project("{2150E333-8FDC-42A3-9474-1A3956D46DE8}") = "Contracts", "Contracts", "{DCBCF097-A31A-43FF-B176-BA32160FA8D6}"
EndProject
Project("{9A19103F-16F7-4668-BE54-9A1E7A4F7556}") = "ManualImporter", "ManualImporter\ManualImporter.csproj", "{507263C2-7175-4072-9F3B-71EB7A382097}"
EndProject
Project("{2150E333-8FDC-42A3-9474-1A3956D46DE8}") = "Scrapper", "Scrapper", "{651427C1-5E72-40C0-A329-203B01563713}"
EndProject
Project("{9A19103F-16F7-4668-BE54-9A1E7A4F7556}") = "Letti.Scrapper", "Letti.BrowserScrapper\Letti.Scrapper.csproj", "{B57EB062-AE01-440F-8D13-089356EF7E63}"
EndProject
Project("{9A19103F-16F7-4668-BE54-9A1E7A4F7556}") = "Letti.Algorithms", "Letti.Algorithms\Letti.Algorithms.csproj", "{9F4129AB-F489-4020-9556-C76E807B6A32}"
EndProject
Project("{2150E333-8FDC-42A3-9474-1A3956D46DE8}") = "Tests", "Tests", "{E387FCF3-32C4-483D-8BED-2566E1D1882B}"
EndProject
Project("{9A19103F-16F7-4668-BE54-9A1E7A4F7556}") = "Letti.Algorithms.Test", "Letti.Algorithms.Test\Letti.Algorithms.Test.csproj", "{3DE7E3CB-8617-4508-B669-25C22E7B00D4}"
EndProject
Global
	GlobalSection(SolutionConfigurationPlatforms) = preSolution
		Debug|Any CPU = Debug|Any CPU
		Debug|x64 = Debug|x64
		Debug|x86 = Debug|x86
		Release|Any CPU = Release|Any CPU
		Release|x64 = Release|x64
		Release|x86 = Release|x86
	EndGlobalSection
	GlobalSection(ProjectConfigurationPlatforms) = postSolution
		{D2EDAF14-D0AC-407E-AB14-6C5EAF8E0C8F}.Debug|Any CPU.ActiveCfg = Debug|Any CPU
		{D2EDAF14-D0AC-407E-AB14-6C5EAF8E0C8F}.Debug|Any CPU.Build.0 = Debug|Any CPU
		{D2EDAF14-D0AC-407E-AB14-6C5EAF8E0C8F}.Debug|x64.ActiveCfg = Debug|Any CPU
		{D2EDAF14-D0AC-407E-AB14-6C5EAF8E0C8F}.Debug|x64.Build.0 = Debug|Any CPU
		{D2EDAF14-D0AC-407E-AB14-6C5EAF8E0C8F}.Debug|x86.ActiveCfg = Debug|Any CPU
		{D2EDAF14-D0AC-407E-AB14-6C5EAF8E0C8F}.Debug|x86.Build.0 = Debug|Any CPU
		{D2EDAF14-D0AC-407E-AB14-6C5EAF8E0C8F}.Release|Any CPU.ActiveCfg = Release|Any CPU
		{D2EDAF14-D0AC-407E-AB14-6C5EAF8E0C8F}.Release|Any CPU.Build.0 = Release|Any CPU
		{D2EDAF14-D0AC-407E-AB14-6C5EAF8E0C8F}.Release|x64.ActiveCfg = Release|Any CPU
		{D2EDAF14-D0AC-407E-AB14-6C5EAF8E0C8F}.Release|x64.Build.0 = Release|Any CPU
		{D2EDAF14-D0AC-407E-AB14-6C5EAF8E0C8F}.Release|x86.ActiveCfg = Release|Any CPU
		{D2EDAF14-D0AC-407E-AB14-6C5EAF8E0C8F}.Release|x86.Build.0 = Release|Any CPU
		{8546E528-3D81-48DE-86E9-8C9F8217E1A5}.Debug|Any CPU.ActiveCfg = Debug|Any CPU
		{8546E528-3D81-48DE-86E9-8C9F8217E1A5}.Debug|Any CPU.Build.0 = Debug|Any CPU
		{8546E528-3D81-48DE-86E9-8C9F8217E1A5}.Debug|x64.ActiveCfg = Debug|Any CPU
		{8546E528-3D81-48DE-86E9-8C9F8217E1A5}.Debug|x64.Build.0 = Debug|Any CPU
		{8546E528-3D81-48DE-86E9-8C9F8217E1A5}.Debug|x86.ActiveCfg = Debug|Any CPU
		{8546E528-3D81-48DE-86E9-8C9F8217E1A5}.Debug|x86.Build.0 = Debug|Any CPU
		{8546E528-3D81-48DE-86E9-8C9F8217E1A5}.Release|Any CPU.ActiveCfg = Release|Any CPU
		{8546E528-3D81-48DE-86E9-8C9F8217E1A5}.Release|Any CPU.Build.0 = Release|Any CPU
		{8546E528-3D81-48DE-86E9-8C9F8217E1A5}.Release|x64.ActiveCfg = Release|Any CPU
		{8546E528-3D81-48DE-86E9-8C9F8217E1A5}.Release|x64.Build.0 = Release|Any CPU
		{8546E528-3D81-48DE-86E9-8C9F8217E1A5}.Release|x86.ActiveCfg = Release|Any CPU
		{8546E528-3D81-48DE-86E9-8C9F8217E1A5}.Release|x86.Build.0 = Release|Any CPU
		{6C3E5A07-55BC-4C70-BAEB-4537E26D030C}.Debug|Any CPU.ActiveCfg = Debug|Any CPU
		{6C3E5A07-55BC-4C70-BAEB-4537E26D030C}.Debug|Any CPU.Build.0 = Debug|Any CPU
		{6C3E5A07-55BC-4C70-BAEB-4537E26D030C}.Debug|x64.ActiveCfg = Debug|Any CPU
		{6C3E5A07-55BC-4C70-BAEB-4537E26D030C}.Debug|x64.Build.0 = Debug|Any CPU
		{6C3E5A07-55BC-4C70-BAEB-4537E26D030C}.Debug|x86.ActiveCfg = Debug|Any CPU
		{6C3E5A07-55BC-4C70-BAEB-4537E26D030C}.Debug|x86.Build.0 = Debug|Any CPU
		{6C3E5A07-55BC-4C70-BAEB-4537E26D030C}.Release|Any CPU.ActiveCfg = Release|Any CPU
		{6C3E5A07-55BC-4C70-BAEB-4537E26D030C}.Release|Any CPU.Build.0 = Release|Any CPU
		{6C3E5A07-55BC-4C70-BAEB-4537E26D030C}.Release|x64.ActiveCfg = Release|Any CPU
		{6C3E5A07-55BC-4C70-BAEB-4537E26D030C}.Release|x64.Build.0 = Release|Any CPU
		{6C3E5A07-55BC-4C70-BAEB-4537E26D030C}.Release|x86.ActiveCfg = Release|Any CPU
		{6C3E5A07-55BC-4C70-BAEB-4537E26D030C}.Release|x86.Build.0 = Release|Any CPU
		{C4AED122-97AB-42B4-A897-7CCC12D5AF57}.Debug|Any CPU.ActiveCfg = Debug|Any CPU
		{C4AED122-97AB-42B4-A897-7CCC12D5AF57}.Debug|Any CPU.Build.0 = Debug|Any CPU
		{C4AED122-97AB-42B4-A897-7CCC12D5AF57}.Debug|x64.ActiveCfg = Debug|Any CPU
		{C4AED122-97AB-42B4-A897-7CCC12D5AF57}.Debug|x64.Build.0 = Debug|Any CPU
		{C4AED122-97AB-42B4-A897-7CCC12D5AF57}.Debug|x86.ActiveCfg = Debug|Any CPU
		{C4AED122-97AB-42B4-A897-7CCC12D5AF57}.Debug|x86.Build.0 = Debug|Any CPU
		{C4AED122-97AB-42B4-A897-7CCC12D5AF57}.Release|Any CPU.ActiveCfg = Release|Any CPU
		{C4AED122-97AB-42B4-A897-7CCC12D5AF57}.Release|Any CPU.Build.0 = Release|Any CPU
		{C4AED122-97AB-42B4-A897-7CCC12D5AF57}.Release|x64.ActiveCfg = Release|Any CPU
		{C4AED122-97AB-42B4-A897-7CCC12D5AF57}.Release|x64.Build.0 = Release|Any CPU
		{C4AED122-97AB-42B4-A897-7CCC12D5AF57}.Release|x86.ActiveCfg = Release|Any CPU
		{C4AED122-97AB-42B4-A897-7CCC12D5AF57}.Release|x86.Build.0 = Release|Any CPU
		{857E8AA3-29C6-45EF-87DA-91423F9688C8}.Debug|Any CPU.ActiveCfg = Debug|Any CPU
		{857E8AA3-29C6-45EF-87DA-91423F9688C8}.Debug|Any CPU.Build.0 = Debug|Any CPU
		{857E8AA3-29C6-45EF-87DA-91423F9688C8}.Debug|x64.ActiveCfg = Debug|Any CPU
		{857E8AA3-29C6-45EF-87DA-91423F9688C8}.Debug|x64.Build.0 = Debug|Any CPU
		{857E8AA3-29C6-45EF-87DA-91423F9688C8}.Debug|x86.ActiveCfg = Debug|Any CPU
		{857E8AA3-29C6-45EF-87DA-91423F9688C8}.Debug|x86.Build.0 = Debug|Any CPU
		{857E8AA3-29C6-45EF-87DA-91423F9688C8}.Release|Any CPU.ActiveCfg = Release|Any CPU
		{857E8AA3-29C6-45EF-87DA-91423F9688C8}.Release|Any CPU.Build.0 = Release|Any CPU
		{857E8AA3-29C6-45EF-87DA-91423F9688C8}.Release|x64.ActiveCfg = Release|Any CPU
		{857E8AA3-29C6-45EF-87DA-91423F9688C8}.Release|x64.Build.0 = Release|Any CPU
		{857E8AA3-29C6-45EF-87DA-91423F9688C8}.Release|x86.ActiveCfg = Release|Any CPU
		{857E8AA3-29C6-45EF-87DA-91423F9688C8}.Release|x86.Build.0 = Release|Any CPU
		{BEEEF85B-C3D3-4953-AE60-7F13DAA1B5A9}.Debug|Any CPU.ActiveCfg = Debug|Any CPU
		{BEEEF85B-C3D3-4953-AE60-7F13DAA1B5A9}.Debug|Any CPU.Build.0 = Debug|Any CPU
		{BEEEF85B-C3D3-4953-AE60-7F13DAA1B5A9}.Debug|x64.ActiveCfg = Debug|Any CPU
		{BEEEF85B-C3D3-4953-AE60-7F13DAA1B5A9}.Debug|x64.Build.0 = Debug|Any CPU
		{BEEEF85B-C3D3-4953-AE60-7F13DAA1B5A9}.Debug|x86.ActiveCfg = Debug|Any CPU
		{BEEEF85B-C3D3-4953-AE60-7F13DAA1B5A9}.Debug|x86.Build.0 = Debug|Any CPU
		{BEEEF85B-C3D3-4953-AE60-7F13DAA1B5A9}.Release|Any CPU.ActiveCfg = Release|Any CPU
		{BEEEF85B-C3D3-4953-AE60-7F13DAA1B5A9}.Release|Any CPU.Build.0 = Release|Any CPU
		{BEEEF85B-C3D3-4953-AE60-7F13DAA1B5A9}.Release|x64.ActiveCfg = Release|Any CPU
		{BEEEF85B-C3D3-4953-AE60-7F13DAA1B5A9}.Release|x64.Build.0 = Release|Any CPU
		{BEEEF85B-C3D3-4953-AE60-7F13DAA1B5A9}.Release|x86.ActiveCfg = Release|Any CPU
		{BEEEF85B-C3D3-4953-AE60-7F13DAA1B5A9}.Release|x86.Build.0 = Release|Any CPU
		{4C168904-60EE-48C5-BB7D-65BAD15917AF}.Debug|Any CPU.ActiveCfg = Debug|Any CPU
		{4C168904-60EE-48C5-BB7D-65BAD15917AF}.Debug|Any CPU.Build.0 = Debug|Any CPU
		{4C168904-60EE-48C5-BB7D-65BAD15917AF}.Debug|x64.ActiveCfg = Debug|Any CPU
		{4C168904-60EE-48C5-BB7D-65BAD15917AF}.Debug|x64.Build.0 = Debug|Any CPU
		{4C168904-60EE-48C5-BB7D-65BAD15917AF}.Debug|x86.ActiveCfg = Debug|Any CPU
		{4C168904-60EE-48C5-BB7D-65BAD15917AF}.Debug|x86.Build.0 = Debug|Any CPU
		{4C168904-60EE-48C5-BB7D-65BAD15917AF}.Release|Any CPU.ActiveCfg = Release|Any CPU
		{4C168904-60EE-48C5-BB7D-65BAD15917AF}.Release|Any CPU.Build.0 = Release|Any CPU
		{4C168904-60EE-48C5-BB7D-65BAD15917AF}.Release|x64.ActiveCfg = Release|Any CPU
		{4C168904-60EE-48C5-BB7D-65BAD15917AF}.Release|x64.Build.0 = Release|Any CPU
		{4C168904-60EE-48C5-BB7D-65BAD15917AF}.Release|x86.ActiveCfg = Release|Any CPU
		{4C168904-60EE-48C5-BB7D-65BAD15917AF}.Release|x86.Build.0 = Release|Any CPU
		{507263C2-7175-4072-9F3B-71EB7A382097}.Debug|Any CPU.ActiveCfg = Debug|Any CPU
		{507263C2-7175-4072-9F3B-71EB7A382097}.Debug|Any CPU.Build.0 = Debug|Any CPU
		{507263C2-7175-4072-9F3B-71EB7A382097}.Debug|x64.ActiveCfg = Debug|Any CPU
		{507263C2-7175-4072-9F3B-71EB7A382097}.Debug|x64.Build.0 = Debug|Any CPU
		{507263C2-7175-4072-9F3B-71EB7A382097}.Debug|x86.ActiveCfg = Debug|Any CPU
		{507263C2-7175-4072-9F3B-71EB7A382097}.Debug|x86.Build.0 = Debug|Any CPU
		{507263C2-7175-4072-9F3B-71EB7A382097}.Release|Any CPU.ActiveCfg = Release|Any CPU
		{507263C2-7175-4072-9F3B-71EB7A382097}.Release|Any CPU.Build.0 = Release|Any CPU
		{507263C2-7175-4072-9F3B-71EB7A382097}.Release|x64.ActiveCfg = Release|Any CPU
		{507263C2-7175-4072-9F3B-71EB7A382097}.Release|x64.Build.0 = Release|Any CPU
		{507263C2-7175-4072-9F3B-71EB7A382097}.Release|x86.ActiveCfg = Release|Any CPU
		{507263C2-7175-4072-9F3B-71EB7A382097}.Release|x86.Build.0 = Release|Any CPU
		{B57EB062-AE01-440F-8D13-089356EF7E63}.Debug|Any CPU.ActiveCfg = Debug|Any CPU
		{B57EB062-AE01-440F-8D13-089356EF7E63}.Debug|Any CPU.Build.0 = Debug|Any CPU
		{B57EB062-AE01-440F-8D13-089356EF7E63}.Debug|x64.ActiveCfg = Debug|x64
		{B57EB062-AE01-440F-8D13-089356EF7E63}.Debug|x64.Build.0 = Debug|x64
		{B57EB062-AE01-440F-8D13-089356EF7E63}.Debug|x86.ActiveCfg = Debug|x86
		{B57EB062-AE01-440F-8D13-089356EF7E63}.Debug|x86.Build.0 = Debug|x86
		{B57EB062-AE01-440F-8D13-089356EF7E63}.Release|Any CPU.ActiveCfg = Release|Any CPU
		{B57EB062-AE01-440F-8D13-089356EF7E63}.Release|Any CPU.Build.0 = Release|Any CPU
		{B57EB062-AE01-440F-8D13-089356EF7E63}.Release|x64.ActiveCfg = Release|x64
		{B57EB062-AE01-440F-8D13-089356EF7E63}.Release|x64.Build.0 = Release|x64
		{B57EB062-AE01-440F-8D13-089356EF7E63}.Release|x86.ActiveCfg = Release|x86
		{B57EB062-AE01-440F-8D13-089356EF7E63}.Release|x86.Build.0 = Release|x86
		{9F4129AB-F489-4020-9556-C76E807B6A32}.Debug|Any CPU.ActiveCfg = Debug|Any CPU
		{9F4129AB-F489-4020-9556-C76E807B6A32}.Debug|Any CPU.Build.0 = Debug|Any CPU
		{9F4129AB-F489-4020-9556-C76E807B6A32}.Debug|x64.ActiveCfg = Debug|Any CPU
		{9F4129AB-F489-4020-9556-C76E807B6A32}.Debug|x64.Build.0 = Debug|Any CPU
		{9F4129AB-F489-4020-9556-C76E807B6A32}.Debug|x86.ActiveCfg = Debug|Any CPU
		{9F4129AB-F489-4020-9556-C76E807B6A32}.Debug|x86.Build.0 = Debug|Any CPU
		{9F4129AB-F489-4020-9556-C76E807B6A32}.Release|Any CPU.ActiveCfg = Release|Any CPU
		{9F4129AB-F489-4020-9556-C76E807B6A32}.Release|Any CPU.Build.0 = Release|Any CPU
		{9F4129AB-F489-4020-9556-C76E807B6A32}.Release|x64.ActiveCfg = Release|Any CPU
		{9F4129AB-F489-4020-9556-C76E807B6A32}.Release|x64.Build.0 = Release|Any CPU
		{9F4129AB-F489-4020-9556-C76E807B6A32}.Release|x86.ActiveCfg = Release|Any CPU
		{9F4129AB-F489-4020-9556-C76E807B6A32}.Release|x86.Build.0 = Release|Any CPU
		{3DE7E3CB-8617-4508-B669-25C22E7B00D4}.Debug|Any CPU.ActiveCfg = Debug|Any CPU
		{3DE7E3CB-8617-4508-B669-25C22E7B00D4}.Debug|Any CPU.Build.0 = Debug|Any CPU
		{3DE7E3CB-8617-4508-B669-25C22E7B00D4}.Debug|x64.ActiveCfg = Debug|Any CPU
		{3DE7E3CB-8617-4508-B669-25C22E7B00D4}.Debug|x64.Build.0 = Debug|Any CPU
		{3DE7E3CB-8617-4508-B669-25C22E7B00D4}.Debug|x86.ActiveCfg = Debug|Any CPU
		{3DE7E3CB-8617-4508-B669-25C22E7B00D4}.Debug|x86.Build.0 = Debug|Any CPU
		{3DE7E3CB-8617-4508-B669-25C22E7B00D4}.Release|Any CPU.ActiveCfg = Release|Any CPU
		{3DE7E3CB-8617-4508-B669-25C22E7B00D4}.Release|Any CPU.Build.0 = Release|Any CPU
		{3DE7E3CB-8617-4508-B669-25C22E7B00D4}.Release|x64.ActiveCfg = Release|Any CPU
		{3DE7E3CB-8617-4508-B669-25C22E7B00D4}.Release|x64.Build.0 = Release|Any CPU
		{3DE7E3CB-8617-4508-B669-25C22E7B00D4}.Release|x86.ActiveCfg = Release|Any CPU
		{3DE7E3CB-8617-4508-B669-25C22E7B00D4}.Release|x86.Build.0 = Release|Any CPU
	EndGlobalSection
	GlobalSection(SolutionProperties) = preSolution
		HideSolutionNode = FALSE
	EndGlobalSection
	GlobalSection(NestedProjects) = preSolution
		{D2EDAF14-D0AC-407E-AB14-6C5EAF8E0C8F} = {2D234580-31CB-4173-AEB5-2735F130A59D}
		{8546E528-3D81-48DE-86E9-8C9F8217E1A5} = {B0292FC8-D6E0-468A-A763-62282DB2008C}
		{6C3E5A07-55BC-4C70-BAEB-4537E26D030C} = {B0292FC8-D6E0-468A-A763-62282DB2008C}
		{C4AED122-97AB-42B4-A897-7CCC12D5AF57} = {BE62B266-1970-491B-94DE-4DC8F238CE07}
		{857E8AA3-29C6-45EF-87DA-91423F9688C8} = {BE62B266-1970-491B-94DE-4DC8F238CE07}
		{BEEEF85B-C3D3-4953-AE60-7F13DAA1B5A9} = {BE62B266-1970-491B-94DE-4DC8F238CE07}
		{4C168904-60EE-48C5-BB7D-65BAD15917AF} = {2D234580-31CB-4173-AEB5-2735F130A59D}
		{507263C2-7175-4072-9F3B-71EB7A382097} = {651427C1-5E72-40C0-A329-203B01563713}
		{B57EB062-AE01-440F-8D13-089356EF7E63} = {651427C1-5E72-40C0-A329-203B01563713}
		{9F4129AB-F489-4020-9556-C76E807B6A32} = {651427C1-5E72-40C0-A329-203B01563713}
		{3DE7E3CB-8617-4508-B669-25C22E7B00D4} = {E387FCF3-32C4-483D-8BED-2566E1D1882B}
	EndGlobalSection
	GlobalSection(ExtensibilityGlobals) = postSolution
		SolutionGuid = {DDE8A35D-A9DD-4B2D-94FC-39743C066590}
	EndGlobalSection
EndGlobal
